
Microsoft Visual Studio Solution File, Format Version 12.00
# Visual Studio Version 17
VisualStudioVersion = 17.4.33213.308
MinimumVisualStudioVersion = 10.0.40219.1
Project("{9A19103F-16F7-4668-BE54-9A1E7A4F7556}") = "Magic8HeadService", "Magic8HeadService\Magic8HeadService.csproj", "{8DB118B3-75B8-456F-83C0-165AC5826ED6}"
EndProject
Project("{9A19103F-16F7-4668-BE54-9A1E7A4F7556}") = "MrBigHead.Web", "MrBigHead.Web\MrBigHead.Web.csproj", "{6E03DEC2-443B-49EA-9938-6E79944BC278}"
	ProjectSection(ProjectDependencies) = postProject
		{2417B8C8-8B5E-420F-B017-858488E274B9} = {2417B8C8-8B5E-420F-B017-858488E274B9}
		{42817134-6EA9-4311-9588-F3CA2D5C1B2F} = {42817134-6EA9-4311-9588-F3CA2D5C1B2F}
		{8DB118B3-75B8-456F-83C0-165AC5826ED6} = {8DB118B3-75B8-456F-83C0-165AC5826ED6}
		{8DDE5BFD-B979-450A-9CDE-9D4BF0BBCF96} = {8DDE5BFD-B979-450A-9CDE-9D4BF0BBCF96}
		{E5BF13AD-FF40-4B3C-8861-6CD141CFBFE1} = {E5BF13AD-FF40-4B3C-8861-6CD141CFBFE1}
	EndProjectSection
EndProject
Project("{9A19103F-16F7-4668-BE54-9A1E7A4F7556}") = "MrBigHead.Func", "MrBigHead.Func\MrBigHead.Func.csproj", "{E5BF13AD-FF40-4B3C-8861-6CD141CFBFE1}"
EndProject
Project("{9A19103F-16F7-4668-BE54-9A1E7A4F7556}") = "MrBigHead.Shared", "MrBigHead.Shared\MrBigHead.Shared.csproj", "{42817134-6EA9-4311-9588-F3CA2D5C1B2F}"
EndProject
Project("{9A19103F-16F7-4668-BE54-9A1E7A4F7556}") = "MrBigHead.Services", "MrBigHead.Services\MrBigHead.Services.csproj", "{2417B8C8-8B5E-420F-B017-858488E274B9}"
EndProject
Project("{9A19103F-16F7-4668-BE54-9A1E7A4F7556}") = "MrBigHead.VoiceChecker", "MrBigHead.VoiceChecker\MrBigHead.VoiceChecker.csproj", "{8DDE5BFD-B979-450A-9CDE-9D4BF0BBCF96}"
EndProject
Project("{9A19103F-16F7-4668-BE54-9A1E7A4F7556}") = "Magic8HeadServiceTests", "Tests\Magic8HeadServiceTests\Magic8HeadServiceTests.csproj", "{18942CBD-9D97-4C76-B7AA-4E3B0B2018B9}"
EndProject
Global
	GlobalSection(SolutionConfigurationPlatforms) = preSolution
		Debug|Any CPU = Debug|Any CPU
		Release|Any CPU = Release|Any CPU
	EndGlobalSection
	GlobalSection(ProjectConfigurationPlatforms) = postSolution
		{8DB118B3-75B8-456F-83C0-165AC5826ED6}.Debug|Any CPU.ActiveCfg = Debug|Any CPU
		{8DB118B3-75B8-456F-83C0-165AC5826ED6}.Debug|Any CPU.Build.0 = Debug|Any CPU
		{8DB118B3-75B8-456F-83C0-165AC5826ED6}.Release|Any CPU.ActiveCfg = Release|Any CPU
		{8DB118B3-75B8-456F-83C0-165AC5826ED6}.Release|Any CPU.Build.0 = Release|Any CPU
		{6E03DEC2-443B-49EA-9938-6E79944BC278}.Debug|Any CPU.ActiveCfg = Debug|Any CPU
		{6E03DEC2-443B-49EA-9938-6E79944BC278}.Debug|Any CPU.Build.0 = Debug|Any CPU
		{6E03DEC2-443B-49EA-9938-6E79944BC278}.Release|Any CPU.ActiveCfg = Release|Any CPU
		{6E03DEC2-443B-49EA-9938-6E79944BC278}.Release|Any CPU.Build.0 = Release|Any CPU
		{E5BF13AD-FF40-4B3C-8861-6CD141CFBFE1}.Debug|Any CPU.ActiveCfg = Debug|Any CPU
		{E5BF13AD-FF40-4B3C-8861-6CD141CFBFE1}.Debug|Any CPU.Build.0 = Debug|Any CPU
		{E5BF13AD-FF40-4B3C-8861-6CD141CFBFE1}.Release|Any CPU.ActiveCfg = Release|Any CPU
		{E5BF13AD-FF40-4B3C-8861-6CD141CFBFE1}.Release|Any CPU.Build.0 = Release|Any CPU
		{42817134-6EA9-4311-9588-F3CA2D5C1B2F}.Debug|Any CPU.ActiveCfg = Debug|Any CPU
		{42817134-6EA9-4311-9588-F3CA2D5C1B2F}.Debug|Any CPU.Build.0 = Debug|Any CPU
		{42817134-6EA9-4311-9588-F3CA2D5C1B2F}.Release|Any CPU.ActiveCfg = Release|Any CPU
		{42817134-6EA9-4311-9588-F3CA2D5C1B2F}.Release|Any CPU.Build.0 = Release|Any CPU
		{2417B8C8-8B5E-420F-B017-858488E274B9}.Debug|Any CPU.ActiveCfg = Debug|Any CPU
		{2417B8C8-8B5E-420F-B017-858488E274B9}.Debug|Any CPU.Build.0 = Debug|Any CPU
		{2417B8C8-8B5E-420F-B017-858488E274B9}.Release|Any CPU.ActiveCfg = Release|Any CPU
		{2417B8C8-8B5E-420F-B017-858488E274B9}.Release|Any CPU.Build.0 = Release|Any CPU
		{8DDE5BFD-B979-450A-9CDE-9D4BF0BBCF96}.Debug|Any CPU.ActiveCfg = Debug|Any CPU
		{8DDE5BFD-B979-450A-9CDE-9D4BF0BBCF96}.Debug|Any CPU.Build.0 = Debug|Any CPU
		{8DDE5BFD-B979-450A-9CDE-9D4BF0BBCF96}.Release|Any CPU.ActiveCfg = Release|Any CPU
		{8DDE5BFD-B979-450A-9CDE-9D4BF0BBCF96}.Release|Any CPU.Build.0 = Release|Any CPU
		{18942CBD-9D97-4C76-B7AA-4E3B0B2018B9}.Debug|Any CPU.ActiveCfg = Debug|Any CPU
		{18942CBD-9D97-4C76-B7AA-4E3B0B2018B9}.Debug|Any CPU.Build.0 = Debug|Any CPU
		{18942CBD-9D97-4C76-B7AA-4E3B0B2018B9}.Release|Any CPU.ActiveCfg = Release|Any CPU
		{18942CBD-9D97-4C76-B7AA-4E3B0B2018B9}.Release|Any CPU.Build.0 = Release|Any CPU
	EndGlobalSection
	GlobalSection(SolutionProperties) = preSolution
		HideSolutionNode = FALSE
	EndGlobalSection
	GlobalSection(ExtensibilityGlobals) = postSolution
		SolutionGuid = {6C355B86-686B-4821-A94B-8D56B88B6B2E}
	EndGlobalSection
EndGlobal
